
Microsoft Visual Studio Solution File, Format Version 12.00
# Visual Studio 15
VisualStudioVersion = 15.0.26124.0
MinimumVisualStudioVersion = 15.0.26124.0
Project("{2150E333-8FDC-42A3-9474-1A3956D46DE8}") = "src", "src", "{CFD2C6BC-9E0B-4C6D-AE6B-837B07784E1A}"
EndProject
Project("{FAE04EC0-301F-11D3-BF4B-00C04F79EFBC}") = "GradeBook", "src\GradeBook\GradeBook.csproj", "{80A66EE3-4062-447B-8DFD-D2A77DE85908}"
EndProject
Project("{2150E333-8FDC-42A3-9474-1A3956D46DE8}") = "test", "test", "{879E6E0D-CBA7-4F67-AAEF-E063D891A4A9}"
EndProject
Project("{FAE04EC0-301F-11D3-BF4B-00C04F79EFBC}") = "GradeBook.Tests", "test\GradeBook.Tests\GradeBook.Tests.csproj", "{117BF602-0269-4A97-ACEC-F8FD1A5BE2C6}"
EndProject
Global
	GlobalSection(SolutionConfigurationPlatforms) = preSolution
		Debug|Any CPU = Debug|Any CPU
		Debug|x64 = Debug|x64
		Debug|x86 = Debug|x86
		Release|Any CPU = Release|Any CPU
		Release|x64 = Release|x64
		Release|x86 = Release|x86
	EndGlobalSection
	GlobalSection(SolutionProperties) = preSolution
		HideSolutionNode = FALSE
	EndGlobalSection
	GlobalSection(ProjectConfigurationPlatforms) = postSolution
		{80A66EE3-4062-447B-8DFD-D2A77DE85908}.Debug|Any CPU.ActiveCfg = Debug|Any CPU
		{80A66EE3-4062-447B-8DFD-D2A77DE85908}.Debug|Any CPU.Build.0 = Debug|Any CPU
		{80A66EE3-4062-447B-8DFD-D2A77DE85908}.Debug|x64.ActiveCfg = Debug|Any CPU
		{80A66EE3-4062-447B-8DFD-D2A77DE85908}.Debug|x64.Build.0 = Debug|Any CPU
		{80A66EE3-4062-447B-8DFD-D2A77DE85908}.Debug|x86.ActiveCfg = Debug|Any CPU
		{80A66EE3-4062-447B-8DFD-D2A77DE85908}.Debug|x86.Build.0 = Debug|Any CPU
		{80A66EE3-4062-447B-8DFD-D2A77DE85908}.Release|Any CPU.ActiveCfg = Release|Any CPU
		{80A66EE3-4062-447B-8DFD-D2A77DE85908}.Release|Any CPU.Build.0 = Release|Any CPU
		{80A66EE3-4062-447B-8DFD-D2A77DE85908}.Release|x64.ActiveCfg = Release|Any CPU
		{80A66EE3-4062-447B-8DFD-D2A77DE85908}.Release|x64.Build.0 = Release|Any CPU
		{80A66EE3-4062-447B-8DFD-D2A77DE85908}.Release|x86.ActiveCfg = Release|Any CPU
		{80A66EE3-4062-447B-8DFD-D2A77DE85908}.Release|x86.Build.0 = Release|Any CPU
		{117BF602-0269-4A97-ACEC-F8FD1A5BE2C6}.Debug|Any CPU.ActiveCfg = Debug|Any CPU
		{117BF602-0269-4A97-ACEC-F8FD1A5BE2C6}.Debug|Any CPU.Build.0 = Debug|Any CPU
		{117BF602-0269-4A97-ACEC-F8FD1A5BE2C6}.Debug|x64.ActiveCfg = Debug|Any CPU
		{117BF602-0269-4A97-ACEC-F8FD1A5BE2C6}.Debug|x64.Build.0 = Debug|Any CPU
		{117BF602-0269-4A97-ACEC-F8FD1A5BE2C6}.Debug|x86.ActiveCfg = Debug|Any CPU
		{117BF602-0269-4A97-ACEC-F8FD1A5BE2C6}.Debug|x86.Build.0 = Debug|Any CPU
		{117BF602-0269-4A97-ACEC-F8FD1A5BE2C6}.Release|Any CPU.ActiveCfg = Release|Any CPU
		{117BF602-0269-4A97-ACEC-F8FD1A5BE2C6}.Release|Any CPU.Build.0 = Release|Any CPU
		{117BF602-0269-4A97-ACEC-F8FD1A5BE2C6}.Release|x64.ActiveCfg = Release|Any CPU
		{117BF602-0269-4A97-ACEC-F8FD1A5BE2C6}.Release|x64.Build.0 = Release|Any CPU
		{117BF602-0269-4A97-ACEC-F8FD1A5BE2C6}.Release|x86.ActiveCfg = Release|Any CPU
		{117BF602-0269-4A97-ACEC-F8FD1A5BE2C6}.Release|x86.Build.0 = Release|Any CPU
	EndGlobalSection
	GlobalSection(NestedProjects) = preSolution
		{80A66EE3-4062-447B-8DFD-D2A77DE85908} = {CFD2C6BC-9E0B-4C6D-AE6B-837B07784E1A}
		{117BF602-0269-4A97-ACEC-F8FD1A5BE2C6} = {879E6E0D-CBA7-4F67-AAEF-E063D891A4A9}
	EndGlobalSection
EndGlobal
